<Solution>
  <Folder Name="/src/">
    <Project Path="src/GraspPortable.App/GraspPortable.App.csproj" />
    <Project Path="src/GraspPortable.Contracts/GraspPortable.Contracts.csproj" />
    <Project Path="src/GraspPortable.Core/GraspPortable.Core.csproj" />
    <Project Path="src/GraspPortable.Host/GraspPortable.Host.csproj" />
  </Folder>
  <Folder Name="/tests/">
    <Project Path="tests/GraspPortable.Core.Tests/GraspPortable.Core.Tests.csproj" />
    <Project Path="tests/GraspPortable.Host.Tests/GraspPortable.Host.Tests.csproj" />
    <Project Path="tests/GraspPortable.Integration.Tests/GraspPortable.Integration.Tests.csproj" />
    <Project Path="tests/GraspPortable.FileOperations.Tests/GraspPortable.FileOperations.Tests.csproj" />
    <Project Path="tests/GraspPortable.Markdown.Tests/GraspPortable.Markdown.Tests.csproj" />
    <Project Path="tests/GraspPortable.ExternalEdits.Tests/GraspPortable.ExternalEdits.Tests.csproj" />
    <Project Path="tests/GraspPortable.Sources.Tests/GraspPortable.Sources.Tests.csproj" />
    <Project Path="tests/GraspPortable.MarkdownWorkspace.Tests/GraspPortable.MarkdownWorkspace.Tests.csproj" />
    <Project Path="tests/GraspPortable.Migration.Tests/GraspPortable.Migration.Tests.csproj" />
    <Project Path="tests/GraspPortable.Coordinator.Tests/GraspPortable.Coordinator.Tests.csproj" />
    <Project Path="tests/GraspPortable.FileActions.Tests/GraspPortable.FileActions.Tests.csproj" />
    <Project Path="tests/GraspPortable.Backup.Tests/GraspPortable.Backup.Tests.csproj" />
    <Project Path="tests/GraspPortable.BackupManager.Tests/GraspPortable.BackupManager.Tests.csproj" />
    <Project Path="tests/GraspPortable.GroupedNotes.Tests/GraspPortable.GroupedNotes.Tests.csproj" />
    <Project Path="tests/GraspPortable.Records.Tests/GraspPortable.Records.Tests.csproj" />
    <Project Path="tests/GraspPortable.Content.Tests/GraspPortable.Content.Tests.csproj" />
    <Project Path="tests/GraspPortable.GroupedWorkspace.Tests/GraspPortable.GroupedWorkspace.Tests.csproj" />
    <Project Path="tests/GraspPortable.GroupingMetadata.Tests/GraspPortable.GroupingMetadata.Tests.csproj" />
    <Project Path="tests/GraspPortable.RecordsKnowledge.Tests/GraspPortable.RecordsKnowledge.Tests.csproj" />
    <Project Path="tests/GraspPortable.RecordsWorkspace.Tests/GraspPortable.RecordsWorkspace.Tests.csproj" />
    <Project Path="tests/GraspPortable.GroupingLinks.Tests/GraspPortable.GroupingLinks.Tests.csproj" />
    <Project Path="tests/GraspPortable.GroupingService.Tests/GraspPortable.GroupingService.Tests.csproj" />
    <Project Path="tests/GraspPortable.RecordsService.Tests/GraspPortable.RecordsService.Tests.csproj" />
    <Project Path="tests/GraspPortable.RecordImport.Tests/GraspPortable.RecordImport.Tests.csproj" />
    <Project Path="tests/GraspPortable.SourcePerformance.Tests/GraspPortable.SourcePerformance.Tests.csproj" />
    <Project Path="tests/GraspPortable.TestEntry.Tests/GraspPortable.TestEntry.Tests.csproj" />
    <Project Path="tests/GraspPortable.RecordsUi.Tests/GraspPortable.RecordsUi.Tests.csproj" />
    <Project Path="tests/GraspPortable.DraftDeparture.Tests/GraspPortable.DraftDeparture.Tests.csproj" />
  </Folder>
</Solution>
